
Microsoft Visual Studio Solution File, Format Version 12.00
# Visual Studio 15
VisualStudioVersion = 15.0.27703.2035
MinimumVisualStudioVersion = 10.0.40219.1
Project("{8BC9CEB8-8B4A-11D0-8D11-00A0C91BC942}") = "spheres", "spheres\spheres.vcxproj", "{59A47D7B-BA18-4F5A-B85C-E45B0C8DC4AC}"
EndProject
Global
	GlobalSection(SolutionConfigurationPlatforms) = preSolution
		Debug|x64 = Debug|x64
		Release|x64 = Release|x64
	EndGlobalSection
	GlobalSection(ProjectConfigurationPlatforms) = postSolution
		{59A47D7B-BA18-4F5A-B85C-E45B0C8DC4AC}.Debug|x64.ActiveCfg = Debug|x64
		{59A47D7B-BA18-4F5A-B85C-E45B0C8DC4AC}.Debug|x64.Build.0 = Debug|x64
		{59A47D7B-BA18-4F5A-B85C-E45B0C8DC4AC}.Release|x64.ActiveCfg = Release|x64
		{59A47D7B-BA18-4F5A-B85C-E45B0C8DC4AC}.Release|x64.Build.0 = Release|x64
	EndGlobalSection
	GlobalSection(SolutionProperties) = preSolution
		HideSolutionNode = FALSE
	EndGlobalSection
	GlobalSection(ExtensibilityGlobals) = postSolution
		SolutionGuid = {840F1E8E-E4EB-4B88-9357-1C4AC11971C3}
	EndGlobalSection
EndGlobal
