<?xml version="1.0" encoding="utf-8"?>
<Project ToolsVersion="4.0" xmlns="http://schemas.microsoft.com/developer/msbuild/2003">
  <ItemGroup>
    <CudaCompile Include="main.cu" />
  </ItemGroup>
  <ItemGroup>
    <ClInclude Include="bvh.h" />
    <ClInclude Include="camera.h" />
    <ClInclude Include="constants.h" />
    <ClInclude Include="metrics.h" />
    <ClInclude Include="options.h" />
    <ClInclude Include="ray.h" />
    <ClInclude Include="rnd.h" />
    <ClInclude Include="scene.h" />
    <ClInclude Include="sphere.h" />
    <ClInclude Include="stb_image_write.h" />
    <ClInclude Include="utils.h" />
    <ClInclude Include="vec3.h" />
    <ClInclude Include="shader_tools\GLSLProgram.h">
      <Filter>shader_tools</Filter>
    </ClInclude>
    <ClInclude Include="shader_tools\GLSLShader.h">
      <Filter>shader_tools</Filter>
    </ClInclude>
    <ClInclude Include="shader_tools\shader_tools_common.h">
      <Filter>shader_tools</Filter>
    </ClInclude>
    <ClInclude Include="cudautils.h" />
    <ClInclude Include="libs\helper_cuda.h">
      <Filter>cuda</Filter>
    </ClInclude>
    <ClInclude Include="libs\helper_cuda_gl.h">
      <Filter>cuda</Filter>
    </ClInclude>
    <ClInclude Include="libs\helper_string.h">
      <Filter>cuda</Filter>
    </ClInclude>
    <ClInclude Include="glwindow.h" />
    <ClInclude Include="imgui\imconfig.h">
      <Filter>imgui</Filter>
    </ClInclude>
    <ClInclude Include="imgui\imgui.h">
      <Filter>imgui</Filter>
    </ClInclude>
    <ClInclude Include="imgui\imgui_impl_glfw.h">
      <Filter>imgui</Filter>
    </ClInclude>
    <ClInclude Include="imgui\imgui_impl_opengl3.h">
      <Filter>imgui</Filter>
    </ClInclude>
    <ClInclude Include="imgui\imgui_internal.h">
      <Filter>imgui</Filter>
    </ClInclude>
    <ClInclude Include="imgui\imstb_rectpack.h">
      <Filter>imgui</Filter>
    </ClInclude>
    <ClInclude Include="imgui\imstb_textedit.h">
      <Filter>imgui</Filter>
    </ClInclude>
    <ClInclude Include="imgui\imstb_truetype.h">
      <Filter>imgui</Filter>
    </ClInclude>
  </ItemGroup>
  <ItemGroup>
    <Filter Include="shader_tools">
      <UniqueIdentifier>{72be4fa7-fe32-4c5e-a6d8-5ad543fb1e02}</UniqueIdentifier>
    </Filter>
    <Filter Include="cuda">
      <UniqueIdentifier>{3ba29dc2-4457-4ea7-891f-62c56f3eb2ed}</UniqueIdentifier>
    </Filter>
    <Filter Include="imgui">
      <UniqueIdentifier>{54ea362c-6161-456e-8919-0def7f756655}</UniqueIdentifier>
    </Filter>
  </ItemGroup>
  <ItemGroup>
    <ClCompile Include="shader_tools\GLSLProgram.cpp">
      <Filter>shader_tools</Filter>
    </ClCompile>
    <ClCompile Include="shader_tools\GLSLShader.cpp">
      <Filter>shader_tools</Filter>
    </ClCompile>
    <ClCompile Include="glwindow.cpp" />
    <ClCompile Include="imgui\imgui.cpp">
      <Filter>imgui</Filter>
    </ClCompile>
    <ClCompile Include="imgui\imgui_demo.cpp">
      <Filter>imgui</Filter>
    </ClCompile>
    <ClCompile Include="imgui\imgui_draw.cpp">
      <Filter>imgui</Filter>
    </ClCompile>
    <ClCompile Include="imgui\imgui_impl_glfw.cpp">
      <Filter>imgui</Filter>
    </ClCompile>
    <ClCompile Include="imgui\imgui_impl_opengl3.cpp">
      <Filter>imgui</Filter>
    </ClCompile>
    <ClCompile Include="imgui\imgui_widgets.cpp">
      <Filter>imgui</Filter>
    </ClCompile>
  </ItemGroup>
</Project>